
Microsoft Visual Studio Solution File, Format Version 12.00
# Visual Studio Version 16
VisualStudioVersion = 16.0.31205.134
MinimumVisualStudioVersion = 10.0.40219.1
Project("{FAE04EC0-301F-11D3-BF4B-00C04F79EFBC}") = "CS", "CS\CS.csproj", "{CEC0BAFF-30D0-43D3-8D8D-C4E5FA811DFA}"
EndProject
Project("{FAE04EC0-301F-11D3-BF4B-00C04F79EFBC}") = "Decoder", "Decoder\Decoder.csproj", "{97E7FD21-034A-4BC9-8E28-B57AA6E5C01D}"
EndProject
Global
	GlobalSection(SolutionConfigurationPlatforms) = preSolution
		Debug|Any CPU = Debug|Any CPU
		Release|Any CPU = Release|Any CPU
	EndGlobalSection
	GlobalSection(ProjectConfigurationPlatforms) = postSolution
		{CEC0BAFF-30D0-43D3-8D8D-C4E5FA811DFA}.Debug|Any CPU.ActiveCfg = Debug|Any CPU
		{CEC0BAFF-30D0-43D3-8D8D-C4E5FA811DFA}.Debug|Any CPU.Build.0 = Debug|Any CPU
		{CEC0BAFF-30D0-43D3-8D8D-C4E5FA811DFA}.Release|Any CPU.ActiveCfg = Release|Any CPU
		{CEC0BAFF-30D0-43D3-8D8D-C4E5FA811DFA}.Release|Any CPU.Build.0 = Release|Any CPU
		{97E7FD21-034A-4BC9-8E28-B57AA6E5C01D}.Debug|Any CPU.ActiveCfg = Debug|Any CPU
		{97E7FD21-034A-4BC9-8E28-B57AA6E5C01D}.Debug|Any CPU.Build.0 = Debug|Any CPU
		{97E7FD21-034A-4BC9-8E28-B57AA6E5C01D}.Release|Any CPU.ActiveCfg = Release|Any CPU
		{97E7FD21-034A-4BC9-8E28-B57AA6E5C01D}.Release|Any CPU.Build.0 = Release|Any CPU
	EndGlobalSection
	GlobalSection(SolutionProperties) = preSolution
		HideSolutionNode = FALSE
	EndGlobalSection
	GlobalSection(ExtensibilityGlobals) = postSolution
		SolutionGuid = {D144BAB1-DB34-4F3F-AE31-BFAB2740E84C}
	EndGlobalSection
EndGlobal
